
Microsoft Visual Studio Solution File, Format Version 12.00
# Visual Studio Version 17
VisualStudioVersion = 17.0.32014.148
MinimumVisualStudioVersion = 10.0.40219.1
Project("{FAE04EC0-301F-11D3-BF4B-00C04F79EFBC}") = "ProjetoElevador", "ProjetoElevador.csproj", "{0FB811C5-01CE-4445-B3DA-9E826547DAE0}"
EndProject
Global
	GlobalSection(SolutionConfigurationPlatforms) = preSolution
		Debug|Any CPU = Debug|Any CPU
		Release|Any CPU = Release|Any CPU
	EndGlobalSection
	GlobalSection(ProjectConfigurationPlatforms) = postSolution
		{0FB811C5-01CE-4445-B3DA-9E826547DAE0}.Debug|Any CPU.ActiveCfg = Debug|Any CPU
		{0FB811C5-01CE-4445-B3DA-9E826547DAE0}.Debug|Any CPU.Build.0 = Debug|Any CPU
		{0FB811C5-01CE-4445-B3DA-9E826547DAE0}.Release|Any CPU.ActiveCfg = Release|Any CPU
		{0FB811C5-01CE-4445-B3DA-9E826547DAE0}.Release|Any CPU.Build.0 = Release|Any CPU
	EndGlobalSection
	GlobalSection(SolutionProperties) = preSolution
		HideSolutionNode = FALSE
	EndGlobalSection
	GlobalSection(ExtensibilityGlobals) = postSolution
		SolutionGuid = {0866E9D9-83C4-422B-B03B-5B9803239997}
	EndGlobalSection
EndGlobal
